
Microsoft Visual Studio Solution File, Format Version 12.00
# Visual Studio Version 17
VisualStudioVersion = 17.6.33801.468
MinimumVisualStudioVersion = 10.0.40219.1
Project("{FAE04EC0-301F-11D3-BF4B-00C04F79EFBC}") = "Leetcode2025", "Leetcode2025\Leetcode2025.csproj", "{EDDDA9FF-D9DA-4FC7-BB24-6D9C11D95337}"
EndProject
Project("{FAE04EC0-301F-11D3-BF4B-00C04F79EFBC}") = "Leetcode2025.Tests", "Leetcode2025.Tests\Leetcode2025.Tests.csproj", "{D70D6746-23D3-4D6E-925D-F44754A2AAF2}"
EndProject
Project("{FAE04EC0-301F-11D3-BF4B-00C04F79EFBC}") = "Meta2025", "Meta2025\Meta2025.csproj", "{44DA994F-FACA-4421-B99B-2F619C81DBC4}"
EndProject
Project("{FAE04EC0-301F-11D3-BF4B-00C04F79EFBC}") = "Common", "Common\Common.csproj", "{38E5C012-99E2-4F87-A22F-8DEC9C33A5F7}"
EndProject
Global
	GlobalSection(SolutionConfigurationPlatforms) = preSolution
		Debug|Any CPU = Debug|Any CPU
		Release|Any CPU = Release|Any CPU
	EndGlobalSection
	GlobalSection(ProjectConfigurationPlatforms) = postSolution
		{EDDDA9FF-D9DA-4FC7-BB24-6D9C11D95337}.Debug|Any CPU.ActiveCfg = Debug|Any CPU
		{EDDDA9FF-D9DA-4FC7-BB24-6D9C11D95337}.Debug|Any CPU.Build.0 = Debug|Any CPU
		{EDDDA9FF-D9DA-4FC7-BB24-6D9C11D95337}.Release|Any CPU.ActiveCfg = Release|Any CPU
		{EDDDA9FF-D9DA-4FC7-BB24-6D9C11D95337}.Release|Any CPU.Build.0 = Release|Any CPU
		{D70D6746-23D3-4D6E-925D-F44754A2AAF2}.Debug|Any CPU.ActiveCfg = Debug|Any CPU
		{D70D6746-23D3-4D6E-925D-F44754A2AAF2}.Debug|Any CPU.Build.0 = Debug|Any CPU
		{D70D6746-23D3-4D6E-925D-F44754A2AAF2}.Release|Any CPU.ActiveCfg = Release|Any CPU
		{D70D6746-23D3-4D6E-925D-F44754A2AAF2}.Release|Any CPU.Build.0 = Release|Any CPU
		{44DA994F-FACA-4421-B99B-2F619C81DBC4}.Debug|Any CPU.ActiveCfg = Debug|Any CPU
		{44DA994F-FACA-4421-B99B-2F619C81DBC4}.Debug|Any CPU.Build.0 = Debug|Any CPU
		{44DA994F-FACA-4421-B99B-2F619C81DBC4}.Release|Any CPU.ActiveCfg = Release|Any CPU
		{44DA994F-FACA-4421-B99B-2F619C81DBC4}.Release|Any CPU.Build.0 = Release|Any CPU
		{38E5C012-99E2-4F87-A22F-8DEC9C33A5F7}.Debug|Any CPU.ActiveCfg = Debug|Any CPU
		{38E5C012-99E2-4F87-A22F-8DEC9C33A5F7}.Debug|Any CPU.Build.0 = Debug|Any CPU
		{38E5C012-99E2-4F87-A22F-8DEC9C33A5F7}.Release|Any CPU.ActiveCfg = Release|Any CPU
		{38E5C012-99E2-4F87-A22F-8DEC9C33A5F7}.Release|Any CPU.Build.0 = Release|Any CPU
	EndGlobalSection
	GlobalSection(SolutionProperties) = preSolution
		HideSolutionNode = FALSE
	EndGlobalSection
	GlobalSection(ExtensibilityGlobals) = postSolution
		SolutionGuid = {6FB63E2E-CD08-4918-B365-C070DDA0C0A1}
	EndGlobalSection
EndGlobal
