
Microsoft Visual Studio Solution File, Format Version 12.00
# Visual Studio Version 17
VisualStudioVersion = 17.6.33801.468
MinimumVisualStudioVersion = 10.0.40219.1
Project("{FAE04EC0-301F-11D3-BF4B-00C04F79EFBC}") = "Leetcode2025", "Leetcode2025\Leetcode2025.csproj", "{EDDDA9FF-D9DA-4FC7-BB24-6D9C11D95337}"
EndProject
Project("{FAE04EC0-301F-11D3-BF4B-00C04F79EFBC}") = "Leetcode2025.Tests", "Leetcode2025.Tests\Leetcode2025.Tests.csproj", "{A4FE316A-EEF9-4DCB-9740-F62FC7F218CA}"
EndProject
Global
	GlobalSection(SolutionConfigurationPlatforms) = preSolution
		Debug|Any CPU = Debug|Any CPU
		Release|Any CPU = Release|Any CPU
	EndGlobalSection
	GlobalSection(ProjectConfigurationPlatforms) = postSolution
		{EDDDA9FF-D9DA-4FC7-BB24-6D9C11D95337}.Debug|Any CPU.ActiveCfg = Debug|Any CPU
		{EDDDA9FF-D9DA-4FC7-BB24-6D9C11D95337}.Debug|Any CPU.Build.0 = Debug|Any CPU
		{EDDDA9FF-D9DA-4FC7-BB24-6D9C11D95337}.Release|Any CPU.ActiveCfg = Release|Any CPU
		{EDDDA9FF-D9DA-4FC7-BB24-6D9C11D95337}.Release|Any CPU.Build.0 = Release|Any CPU
		{A4FE316A-EEF9-4DCB-9740-F62FC7F218CA}.Debug|Any CPU.ActiveCfg = Debug|Any CPU
		{A4FE316A-EEF9-4DCB-9740-F62FC7F218CA}.Debug|Any CPU.Build.0 = Debug|Any CPU
		{A4FE316A-EEF9-4DCB-9740-F62FC7F218CA}.Release|Any CPU.ActiveCfg = Release|Any CPU
		{A4FE316A-EEF9-4DCB-9740-F62FC7F218CA}.Release|Any CPU.Build.0 = Release|Any CPU
	EndGlobalSection
	GlobalSection(SolutionProperties) = preSolution
		HideSolutionNode = FALSE
	EndGlobalSection
	GlobalSection(ExtensibilityGlobals) = postSolution
		SolutionGuid = {6FB63E2E-CD08-4918-B365-C070DDA0C0A1}
	EndGlobalSection
EndGlobal
